// !$*UTF8*$!
{
	archiveVersion = 1;
	classes = {
	};
	objectVersion = 46;
	objects = {

/* Begin PBXBuildFile section */
		A576528FE18CCF9B86CC103C /* Pods_base_start.framework in Frameworks */ = {isa = PBXBuildFile; fileRef = B23A3D55A29DE0106042C6D7 /* Pods_base_start.framework */; };
		BA38F4FE1E24B4EB00347B8F /* Alamofire.framework in Frameworks */ = {isa = PBXBuildFile; fileRef = BA38F4FD1E24B4EB00347B8F /* Alamofire.framework */; };
		BA38F5001E24B95200347B8F /* GoogleService-Info.plist in Resources */ = {isa = PBXBuildFile; fileRef = BA38F4FF1E24B95200347B8F /* GoogleService-Info.plist */; };
		BA3EDD3B1C9B50DF00846CEC /* CommentsViewCell.swift in Sources */ = {isa = PBXBuildFile; fileRef = BA3EDD3A1C9B50DF00846CEC /* CommentsViewCell.swift */; };
		BA3EDD3D1C9B515300846CEC /* Comment.swift in Sources */ = {isa = PBXBuildFile; fileRef = BA3EDD3C1C9B515300846CEC /* Comment.swift */; };
		BACA4D431C95071600F278B0 /* AppDelegate.swift in Sources */ = {isa = PBXBuildFile; fileRef = BACA4D421C95071600F278B0 /* AppDelegate.swift */; };
		BACA4D451C95071600F278B0 /* ViewController.swift in Sources */ = {isa = PBXBuildFile; fileRef = BACA4D441C95071600F278B0 /* ViewController.swift */; };
		BACA4D481C95071600F278B0 /* Main.storyboard in Resources */ = {isa = PBXBuildFile; fileRef = BACA4D461C95071600F278B0 /* Main.storyboard */; };
		BACA4D4A1C95071600F278B0 /* Assets.xcassets in Resources */ = {isa = PBXBuildFile; fileRef = BACA4D491C95071600F278B0 /* Assets.xcassets */; };
		BACA4D4D1C95071600F278B0 /* LaunchScreen.storyboard in Resources */ = {isa = PBXBuildFile; fileRef = BACA4D4B1C95071600F278B0 /* LaunchScreen.storyboard */; };
		BACA4D5C1C95093B00F278B0 /* NotoSans-Bold.ttf in Resources */ = {isa = PBXBuildFile; fileRef = BACA4D581C95093B00F278B0 /* NotoSans-Bold.ttf */; };
		BACA4D5D1C95093B00F278B0 /* NotoSans-BoldItalic.ttf in Resources */ = {isa = PBXBuildFile; fileRef = BACA4D591C95093B00F278B0 /* NotoSans-BoldItalic.ttf */; };
		BACA4D5E1C95093B00F278B0 /* NotoSans-Italic.ttf in Resources */ = {isa = PBXBuildFile; fileRef = BACA4D5A1C95093B00F278B0 /* NotoSans-Italic.ttf */; };
		BACA4D5F1C95093B00F278B0 /* NotoSans-Regular.ttf in Resources */ = {isa = PBXBuildFile; fileRef = BACA4D5B1C95093B00F278B0 /* NotoSans-Regular.ttf */; };
		BACA4D611C950AE700F278B0 /* MaterialView.swift in Sources */ = {isa = PBXBuildFile; fileRef = BACA4D601C950AE700F278B0 /* MaterialView.swift */; };
		BACA4D651C950B3700F278B0 /* Constants.swift in Sources */ = {isa = PBXBuildFile; fileRef = BACA4D641C950B3700F278B0 /* Constants.swift */; };
		BACA4D671C95178200F278B0 /* MaterialButton.swift in Sources */ = {isa = PBXBuildFile; fileRef = BACA4D661C95178200F278B0 /* MaterialButton.swift */; };
		BACA4D691C9519B600F278B0 /* MaterialTextField.swift in Sources */ = {isa = PBXBuildFile; fileRef = BACA4D681C9519B600F278B0 /* MaterialTextField.swift */; };
		BACA4D6E1C951DCF00F278B0 /* FBSDKCoreKit.framework in Frameworks */ = {isa = PBXBuildFile; fileRef = BACA4D6B1C951DCF00F278B0 /* FBSDKCoreKit.framework */; };
		BACA4D6F1C951DCF00F278B0 /* FBSDKLoginKit.framework in Frameworks */ = {isa = PBXBuildFile; fileRef = BACA4D6C1C951DCF00F278B0 /* FBSDKLoginKit.framework */; };
		BACA4D701C951DCF00F278B0 /* Bolts.framework in Frameworks */ = {isa = PBXBuildFile; fileRef = BACA4D6D1C951DCF00F278B0 /* Bolts.framework */; };
		BACA4D741C952E0D00F278B0 /* DataService.swift in Sources */ = {isa = PBXBuildFile; fileRef = BACA4D731C952E0D00F278B0 /* DataService.swift */; };
		BACA4D761C954F1A00F278B0 /* LoggedInVC.swift in Sources */ = {isa = PBXBuildFile; fileRef = BACA4D751C954F1A00F278B0 /* LoggedInVC.swift */; };
		BACA4D781C95E30900F278B0 /* PostCell.swift in Sources */ = {isa = PBXBuildFile; fileRef = BACA4D771C95E30900F278B0 /* PostCell.swift */; };
		BACA4D7B1C96462600F278B0 /* Post.swift in Sources */ = {isa = PBXBuildFile; fileRef = BACA4D7A1C96462600F278B0 /* Post.swift */; };
		BACA4D7D1C9892D900F278B0 /* SetupUserVC.swift in Sources */ = {isa = PBXBuildFile; fileRef = BACA4D7C1C9892D900F278B0 /* SetupUserVC.swift */; };
		BACED2411C9B957B000161BE /* CommentsVC.swift in Sources */ = {isa = PBXBuildFile; fileRef = BACED2401C9B957B000161BE /* CommentsVC.swift */; };
/* End PBXBuildFile section */

/* Begin PBXFileReference section */
		10E6F81EBE32AE3360D0F288 /* Pods-base-start.debug.xcconfig */ = {isa = PBXFileReference; includeInIndex = 1; lastKnownFileType = text.xcconfig; name = "Pods-base-start.debug.xcconfig"; path = "Pods/Target Support Files/Pods-base-start/Pods-base-start.debug.xcconfig"; sourceTree = "<group>"; };
		B23A3D55A29DE0106042C6D7 /* Pods_base_start.framework */ = {isa = PBXFileReference; explicitFileType = wrapper.framework; includeInIndex = 0; path = Pods_base_start.framework; sourceTree = BUILT_PRODUCTS_DIR; };
		BA38F4FD1E24B4EB00347B8F /* Alamofire.framework */ = {isa = PBXFileReference; lastKnownFileType = wrapper.framework; name = Alamofire.framework; path = "../../../Library/Developer/Xcode/DerivedData/base-start-gpzflniuvodvrngxzkevdwkcyikd/Build/Products/Debug-iphonesimulator/Alamofire/Alamofire.framework"; sourceTree = "<group>"; };
		BA38F4FF1E24B95200347B8F /* GoogleService-Info.plist */ = {isa = PBXFileReference; fileEncoding = 4; lastKnownFileType = text.plist.xml; path = "GoogleService-Info.plist"; sourceTree = "<group>"; };
		BA3EDD3A1C9B50DF00846CEC /* CommentsViewCell.swift */ = {isa = PBXFileReference; fileEncoding = 4; lastKnownFileType = sourcecode.swift; path = CommentsViewCell.swift; sourceTree = "<group>"; };
		BA3EDD3C1C9B515300846CEC /* Comment.swift */ = {isa = PBXFileReference; fileEncoding = 4; lastKnownFileType = sourcecode.swift; path = Comment.swift; sourceTree = "<group>"; };
		BACA4D3F1C95071600F278B0 /* base-start.app */ = {isa = PBXFileReference; explicitFileType = wrapper.application; includeInIndex = 0; path = "base-start.app"; sourceTree = BUILT_PRODUCTS_DIR; };
		BACA4D421C95071600F278B0 /* AppDelegate.swift */ = {isa = PBXFileReference; lastKnownFileType = sourcecode.swift; path = AppDelegate.swift; sourceTree = "<group>"; };
		BACA4D441C95071600F278B0 /* ViewController.swift */ = {isa = PBXFileReference; lastKnownFileType = sourcecode.swift; path = ViewController.swift; sourceTree = "<group>"; };
		BACA4D471C95071600F278B0 /* Base */ = {isa = PBXFileReference; lastKnownFileType = file.storyboard; name = Base; path = Base.lproj/Main.storyboard; sourceTree = "<group>"; };
		BACA4D491C95071600F278B0 /* Assets.xcassets */ = {isa = PBXFileReference; lastKnownFileType = folder.assetcatalog; path = Assets.xcassets; sourceTree = "<group>"; };
		BACA4D4C1C95071600F278B0 /* Base */ = {isa = PBXFileReference; lastKnownFileType = file.storyboard; name = Base; path = Base.lproj/LaunchScreen.storyboard; sourceTree = "<group>"; };
		BACA4D4E1C95071600F278B0 /* Info.plist */ = {isa = PBXFileReference; lastKnownFileType = text.plist.xml; path = Info.plist; sourceTree = "<group>"; };
		BACA4D581C95093B00F278B0 /* NotoSans-Bold.ttf */ = {isa = PBXFileReference; lastKnownFileType = file; path = "NotoSans-Bold.ttf"; sourceTree = "<group>"; };
		BACA4D591C95093B00F278B0 /* NotoSans-BoldItalic.ttf */ = {isa = PBXFileReference; lastKnownFileType = file; path = "NotoSans-BoldItalic.ttf"; sourceTree = "<group>"; };
		BACA4D5A1C95093B00F278B0 /* NotoSans-Italic.ttf */ = {isa = PBXFileReference; lastKnownFileType = file; path = "NotoSans-Italic.ttf"; sourceTree = "<group>"; };
		BACA4D5B1C95093B00F278B0 /* NotoSans-Regular.ttf */ = {isa = PBXFileReference; lastKnownFileType = file; path = "NotoSans-Regular.ttf"; sourceTree = "<group>"; };
		BACA4D601C950AE700F278B0 /* MaterialView.swift */ = {isa = PBXFileReference; fileEncoding = 4; lastKnownFileType = sourcecode.swift; path = MaterialView.swift; sourceTree = "<group>"; };
		BACA4D641C950B3700F278B0 /* Constants.swift */ = {isa = PBXFileReference; fileEncoding = 4; lastKnownFileType = sourcecode.swift; path = Constants.swift; sourceTree = "<group>"; };
		BACA4D661C95178200F278B0 /* MaterialButton.swift */ = {isa = PBXFileReference; fileEncoding = 4; lastKnownFileType = sourcecode.swift; path = MaterialButton.swift; sourceTree = "<group>"; };
		BACA4D681C9519B600F278B0 /* MaterialTextField.swift */ = {isa = PBXFileReference; fileEncoding = 4; lastKnownFileType = sourcecode.swift; path = MaterialTextField.swift; sourceTree = "<group>"; };
		BACA4D6B1C951DCF00F278B0 /* FBSDKCoreKit.framework */ = {isa = PBXFileReference; lastKnownFileType = wrapper.framework; path = FBSDKCoreKit.framework; sourceTree = "<group>"; };
		BACA4D6C1C951DCF00F278B0 /* FBSDKLoginKit.framework */ = {isa = PBXFileReference; lastKnownFileType = wrapper.framework; path = FBSDKLoginKit.framework; sourceTree = "<group>"; };
		BACA4D6D1C951DCF00F278B0 /* Bolts.framework */ = {isa = PBXFileReference; lastKnownFileType = wrapper.framework; path = Bolts.framework; sourceTree = "<group>"; };
		BACA4D731C952E0D00F278B0 /* DataService.swift */ = {isa = PBXFileReference; fileEncoding = 4; lastKnownFileType = sourcecode.swift; path = DataService.swift; sourceTree = "<group>"; };
		BACA4D751C954F1A00F278B0 /* LoggedInVC.swift */ = {isa = PBXFileReference; fileEncoding = 4; lastKnownFileType = sourcecode.swift; path = LoggedInVC.swift; sourceTree = "<group>"; };
		BACA4D771C95E30900F278B0 /* PostCell.swift */ = {isa = PBXFileReference; fileEncoding = 4; lastKnownFileType = sourcecode.swift; path = PostCell.swift; sourceTree = "<group>"; };
		BACA4D7A1C96462600F278B0 /* Post.swift */ = {isa = PBXFileReference; fileEncoding = 4; lastKnownFileType = sourcecode.swift; path = Post.swift; sourceTree = "<group>"; };
		BACA4D7C1C9892D900F278B0 /* SetupUserVC.swift */ = {isa = PBXFileReference; fileEncoding = 4; lastKnownFileType = sourcecode.swift; path = SetupUserVC.swift; sourceTree = "<group>"; };
		BACED2401C9B957B000161BE /* CommentsVC.swift */ = {isa = PBXFileReference; fileEncoding = 4; lastKnownFileType = sourcecode.swift; path = CommentsVC.swift; sourceTree = "<group>"; };
		BB37E8FEE1141F48279A5C61 /* Pods-base-start.release.xcconfig */ = {isa = PBXFileReference; includeInIndex = 1; lastKnownFileType = text.xcconfig; name = "Pods-base-start.release.xcconfig"; path = "Pods/Target Support Files/Pods-base-start/Pods-base-start.release.xcconfig"; sourceTree = "<group>"; };
/* End PBXFileReference section */

/* Begin PBXFrameworksBuildPhase section */
		BACA4D3C1C95071600F278B0 /* Frameworks */ = {
			isa = PBXFrameworksBuildPhase;
			buildActionMask = 2147483647;
			files = (
				BA38F4FE1E24B4EB00347B8F /* Alamofire.framework in Frameworks */,
				BACA4D701C951DCF00F278B0 /* Bolts.framework in Frameworks */,
				BACA4D6F1C951DCF00F278B0 /* FBSDKLoginKit.framework in Frameworks */,
				BACA4D6E1C951DCF00F278B0 /* FBSDKCoreKit.framework in Frameworks */,
				A576528FE18CCF9B86CC103C /* Pods_base_start.framework in Frameworks */,
			);
			runOnlyForDeploymentPostprocessing = 0;
		};
/* End PBXFrameworksBuildPhase section */

/* Begin PBXGroup section */
		142ABB9D4B37EABBAFCCEEC2 /* Pods */ = {
			isa = PBXGroup;
			children = (
				10E6F81EBE32AE3360D0F288 /* Pods-base-start.debug.xcconfig */,
				BB37E8FEE1141F48279A5C61 /* Pods-base-start.release.xcconfig */,
			);
			name = Pods;
			sourceTree = "<group>";
		};
		BACA4D361C95071600F278B0 = {
			isa = PBXGroup;
			children = (
				BA38F4FF1E24B95200347B8F /* GoogleService-Info.plist */,
				BACA4D411C95071600F278B0 /* base-start */,
				BACA4D401C95071600F278B0 /* Products */,
				142ABB9D4B37EABBAFCCEEC2 /* Pods */,
				BB5D25220409522603DFBCBB /* Frameworks */,
			);
			sourceTree = "<group>";
		};
		BACA4D401C95071600F278B0 /* Products */ = {
			isa = PBXGroup;
			children = (
				BACA4D3F1C95071600F278B0 /* base-start.app */,
			);
			name = Products;
			sourceTree = "<group>";
		};
		BACA4D411C95071600F278B0 /* base-start */ = {
			isa = PBXGroup;
			children = (
				BACA4D571C95077800F278B0 /* View */,
				BACA4D791C96460900F278B0 /* Model */,
				BACA4D541C95076700F278B0 /* Controller */,
				BACA4D711C952DF100F278B0 /* Services */,
				BACA4D631C950B2700F278B0 /* Utils */,
				BACA4D561C95077200F278B0 /* Resources */,
				BACA4D6A1C951DC300F278B0 /* Frameworks */,
				BACA4D421C95071600F278B0 /* AppDelegate.swift */,
				BACA4D491C95071600F278B0 /* Assets.xcassets */,
				BACA4D4E1C95071600F278B0 /* Info.plist */,
			);
			path = "base-start";
			sourceTree = "<group>";
		};
		BACA4D541C95076700F278B0 /* Controller */ = {
			isa = PBXGroup;
			children = (
				BACA4D441C95071600F278B0 /* ViewController.swift */,
				BACA4D7C1C9892D900F278B0 /* SetupUserVC.swift */,
				BACA4D751C954F1A00F278B0 /* LoggedInVC.swift */,
				BACED2401C9B957B000161BE /* CommentsVC.swift */,
			);
			name = Controller;
			sourceTree = "<group>";
		};
		BACA4D561C95077200F278B0 /* Resources */ = {
			isa = PBXGroup;
			children = (
				BACA4D581C95093B00F278B0 /* NotoSans-Bold.ttf */,
				BACA4D591C95093B00F278B0 /* NotoSans-BoldItalic.ttf */,
				BACA4D5A1C95093B00F278B0 /* NotoSans-Italic.ttf */,
				BACA4D5B1C95093B00F278B0 /* NotoSans-Regular.ttf */,
			);
			name = Resources;
			sourceTree = "<group>";
		};
		BACA4D571C95077800F278B0 /* View */ = {
			isa = PBXGroup;
			children = (
				BACA4D461C95071600F278B0 /* Main.storyboard */,
				BACA4D4B1C95071600F278B0 /* LaunchScreen.storyboard */,
				BACA4D601C950AE700F278B0 /* MaterialView.swift */,
				BACA4D661C95178200F278B0 /* MaterialButton.swift */,
				BACA4D681C9519B600F278B0 /* MaterialTextField.swift */,
				BACA4D771C95E30900F278B0 /* PostCell.swift */,
				BA3EDD3A1C9B50DF00846CEC /* CommentsViewCell.swift */,
			);
			name = View;
			sourceTree = "<group>";
		};
		BACA4D631C950B2700F278B0 /* Utils */ = {
			isa = PBXGroup;
			children = (
				BACA4D641C950B3700F278B0 /* Constants.swift */,
			);
			name = Utils;
			sourceTree = "<group>";
		};
		BACA4D6A1C951DC300F278B0 /* Frameworks */ = {
			isa = PBXGroup;
			children = (
				BACA4D6B1C951DCF00F278B0 /* FBSDKCoreKit.framework */,
				BACA4D6C1C951DCF00F278B0 /* FBSDKLoginKit.framework */,
				BACA4D6D1C951DCF00F278B0 /* Bolts.framework */,
			);
			name = Frameworks;
			sourceTree = "<group>";
		};
		BACA4D711C952DF100F278B0 /* Services */ = {
			isa = PBXGroup;
			children = (
				BACA4D731C952E0D00F278B0 /* DataService.swift */,
			);
			name = Services;
			sourceTree = "<group>";
		};
		BACA4D791C96460900F278B0 /* Model */ = {
			isa = PBXGroup;
			children = (
				BACA4D7A1C96462600F278B0 /* Post.swift */,
				BA3EDD3C1C9B515300846CEC /* Comment.swift */,
			);
			name = Model;
			sourceTree = "<group>";
		};
		BB5D25220409522603DFBCBB /* Frameworks */ = {
			isa = PBXGroup;
			children = (
				BA38F4FD1E24B4EB00347B8F /* Alamofire.framework */,
				B23A3D55A29DE0106042C6D7 /* Pods_base_start.framework */,
			);
			name = Frameworks;
			sourceTree = "<group>";
		};
/* End PBXGroup section */

/* Begin PBXNativeTarget section */
		BACA4D3E1C95071600F278B0 /* base-start */ = {
			isa = PBXNativeTarget;
			buildConfigurationList = BACA4D511C95071600F278B0 /* Build configuration list for PBXNativeTarget "base-start" */;
			buildPhases = (
				E1BA608C5399B3CB0CDBAE87 /* [CP] Check Pods Manifest.lock */,
				BACA4D3B1C95071600F278B0 /* Sources */,
				BACA4D3C1C95071600F278B0 /* Frameworks */,
				BACA4D3D1C95071600F278B0 /* Resources */,
				531FB2E2062A7A7DFEE5893C /* [CP] Embed Pods Frameworks */,
				720950A49F3F02C633989B51 /* [CP] Copy Pods Resources */,
			);
			buildRules = (
			);
			dependencies = (
			);
			name = "base-start";
			productName = "base-start";
			productReference = BACA4D3F1C95071600F278B0 /* base-start.app */;
			productType = "com.apple.product-type.application";
		};
/* End PBXNativeTarget section */

/* Begin PBXProject section */
		BACA4D371C95071600F278B0 /* Project object */ = {
			isa = PBXProject;
			attributes = {
				LastSwiftUpdateCheck = 0720;
				LastUpgradeCheck = 0820;
				ORGANIZATIONNAME = "Francisco Claret";
				TargetAttributes = {
					BACA4D3E1C95071600F278B0 = {
						CreatedOnToolsVersion = 7.2.1;
						DevelopmentTeam = JL8DFJ338P;
						LastSwiftMigration = 0820;
						ProvisioningStyle = Automatic;
					};
				};
			};
			buildConfigurationList = BACA4D3A1C95071600F278B0 /* Build configuration list for PBXProject "base-start" */;
			compatibilityVersion = "Xcode 3.2";
			developmentRegion = English;
			hasScannedForEncodings = 0;
			knownRegions = (
				en,
				Base,
			);
			mainGroup = BACA4D361C95071600F278B0;
			productRefGroup = BACA4D401C95071600F278B0 /* Products */;
			projectDirPath = "";
			projectRoot = "";
			targets = (
				BACA4D3E1C95071600F278B0 /* base-start */,
			);
		};
/* End PBXProject section */

/* Begin PBXResourcesBuildPhase section */
		BACA4D3D1C95071600F278B0 /* Resources */ = {
			isa = PBXResourcesBuildPhase;
			buildActionMask = 2147483647;
			files = (
				BACA4D5C1C95093B00F278B0 /* NotoSans-Bold.ttf in Resources */,
				BA38F5001E24B95200347B8F /* GoogleService-Info.plist in Resources */,
				BACA4D4D1C95071600F278B0 /* LaunchScreen.storyboard in Resources */,
				BACA4D5D1C95093B00F278B0 /* NotoSans-BoldItalic.ttf in Resources */,
				BACA4D5E1C95093B00F278B0 /* NotoSans-Italic.ttf in Resources */,
				BACA4D4A1C95071600F278B0 /* Assets.xcassets in Resources */,
				BACA4D481C95071600F278B0 /* Main.storyboard in Resources */,
				BACA4D5F1C95093B00F278B0 /* NotoSans-Regular.ttf in Resources */,
			);
			runOnlyForDeploymentPostprocessing = 0;
		};
/* End PBXResourcesBuildPhase section */

/* Begin PBXShellScriptBuildPhase section */
		531FB2E2062A7A7DFEE5893C /* [CP] Embed Pods Frameworks */ = {
			isa = PBXShellScriptBuildPhase;
			buildActionMask = 2147483647;
			files = (
			);
			inputPaths = (
			);
			name = "[CP] Embed Pods Frameworks";
			outputPaths = (
			);
			runOnlyForDeploymentPostprocessing = 0;
			shellPath = /bin/sh;
			shellScript = "\"${SRCROOT}/Pods/Target Support Files/Pods-base-start/Pods-base-start-frameworks.sh\"\n";
			showEnvVarsInLog = 0;
		};
		720950A49F3F02C633989B51 /* [CP] Copy Pods Resources */ = {
			isa = PBXShellScriptBuildPhase;
			buildActionMask = 2147483647;
			files = (
			);
			inputPaths = (
			);
			name = "[CP] Copy Pods Resources";
			outputPaths = (
			);
			runOnlyForDeploymentPostprocessing = 0;
			shellPath = /bin/sh;
			shellScript = "\"${SRCROOT}/Pods/Target Support Files/Pods-base-start/Pods-base-start-resources.sh\"\n";
			showEnvVarsInLog = 0;
		};
		E1BA608C5399B3CB0CDBAE87 /* [CP] Check Pods Manifest.lock */ = {
			isa = PBXShellScriptBuildPhase;
			buildActionMask = 2147483647;
			files = (
			);
			inputPaths = (
			);
			name = "[CP] Check Pods Manifest.lock";
			outputPaths = (
			);
			runOnlyForDeploymentPostprocessing = 0;
			shellPath = /bin/sh;
			shellScript = "diff \"${PODS_ROOT}/../Podfile.lock\" \"${PODS_ROOT}/Manifest.lock\" > /dev/null\nif [ $? != 0 ] ; then\n    # print error to STDERR\n    echo \"error: The sandbox is not in sync with the Podfile.lock. Run 'pod install' or update your CocoaPods installation.\" >&2\n    exit 1\nfi\n";
			showEnvVarsInLog = 0;
		};
/* End PBXShellScriptBuildPhase section */

/* Begin PBXSourcesBuildPhase section */
		BACA4D3B1C95071600F278B0 /* Sources */ = {
			isa = PBXSourcesBuildPhase;
			buildActionMask = 2147483647;
			files = (
				BACED2411C9B957B000161BE /* CommentsVC.swift in Sources */,
				BA3EDD3B1C9B50DF00846CEC /* CommentsViewCell.swift in Sources */,
				BACA4D691C9519B600F278B0 /* MaterialTextField.swift in Sources */,
				BACA4D741C952E0D00F278B0 /* DataService.swift in Sources */,
				BACA4D611C950AE700F278B0 /* MaterialView.swift in Sources */,
				BACA4D451C95071600F278B0 /* ViewController.swift in Sources */,
				BACA4D431C95071600F278B0 /* AppDelegate.swift in Sources */,
				BACA4D781C95E30900F278B0 /* PostCell.swift in Sources */,
				BACA4D7D1C9892D900F278B0 /* SetupUserVC.swift in Sources */,
				BA3EDD3D1C9B515300846CEC /* Comment.swift in Sources */,
				BACA4D761C954F1A00F278B0 /* LoggedInVC.swift in Sources */,
				BACA4D651C950B3700F278B0 /* Constants.swift in Sources */,
				BACA4D671C95178200F278B0 /* MaterialButton.swift in Sources */,
				BACA4D7B1C96462600F278B0 /* Post.swift in Sources */,
			);
			runOnlyForDeploymentPostprocessing = 0;
		};
/* End PBXSourcesBuildPhase section */

/* Begin PBXVariantGroup section */
		BACA4D461C95071600F278B0 /* Main.storyboard */ = {
			isa = PBXVariantGroup;
			children = (
				BACA4D471C95071600F278B0 /* Base */,
			);
			name = Main.storyboard;
			sourceTree = "<group>";
		};
		BACA4D4B1C95071600F278B0 /* LaunchScreen.storyboard */ = {
			isa = PBXVariantGroup;
			children = (
				BACA4D4C1C95071600F278B0 /* Base */,
			);
			name = LaunchScreen.storyboard;
			sourceTree = "<group>";
		};
/* End PBXVariantGroup section */

/* Begin XCBuildConfiguration section */
		BACA4D4F1C95071600F278B0 /* Debug */ = {
			isa = XCBuildConfiguration;
			buildSettings = {
				ALWAYS_SEARCH_USER_PATHS = NO;
				CLANG_CXX_LANGUAGE_STANDARD = "gnu++0x";
				CLANG_CXX_LIBRARY = "libc++";
				CLANG_ENABLE_MODULES = YES;
				CLANG_ENABLE_OBJC_ARC = YES;
				CLANG_WARN_BOOL_CONVERSION = YES;
				CLANG_WARN_CONSTANT_CONVERSION = YES;
				CLANG_WARN_DIRECT_OBJC_ISA_USAGE = YES_ERROR;
				CLANG_WARN_EMPTY_BODY = YES;
				CLANG_WARN_ENUM_CONVERSION = YES;
				CLANG_WARN_INFINITE_RECURSION = YES;
				CLANG_WARN_INT_CONVERSION = YES;
				CLANG_WARN_OBJC_ROOT_CLASS = YES_ERROR;
				CLANG_WARN_SUSPICIOUS_MOVE = YES;
				CLANG_WARN_UNREACHABLE_CODE = YES;
				CLANG_WARN__DUPLICATE_METHOD_MATCH = YES;
				"CODE_SIGN_IDENTITY[sdk=iphoneos*]" = "iPhone Developer";
				COPY_PHASE_STRIP = NO;
				DEBUG_INFORMATION_FORMAT = dwarf;
				ENABLE_STRICT_OBJC_MSGSEND = YES;
				ENABLE_TESTABILITY = YES;
				GCC_C_LANGUAGE_STANDARD = gnu99;
				GCC_DYNAMIC_NO_PIC = NO;
				GCC_NO_COMMON_BLOCKS = YES;
				GCC_OPTIMIZATION_LEVEL = 0;
				GCC_PREPROCESSOR_DEFINITIONS = (
					"DEBUG=1",
					"$(inherited)",
				);
				GCC_WARN_64_TO_32_BIT_CONVERSION = YES;
				GCC_WARN_ABOUT_RETURN_TYPE = YES_ERROR;
				GCC_WARN_UNDECLARED_SELECTOR = YES;
				GCC_WARN_UNINITIALIZED_AUTOS = YES_AGGRESSIVE;
				GCC_WARN_UNUSED_FUNCTION = YES;
				GCC_WARN_UNUSED_VARIABLE = YES;
				IPHONEOS_DEPLOYMENT_TARGET = 9.2;
				MTL_ENABLE_DEBUG_INFO = YES;
				ONLY_ACTIVE_ARCH = YES;
				SDKROOT = iphoneos;
				SWIFT_OPTIMIZATION_LEVEL = "-Onone";
				TARGETED_DEVICE_FAMILY = "1,2";
			};
			name = Debug;
		};
		BACA4D501C95071600F278B0 /* Release */ = {
			isa = XCBuildConfiguration;
			buildSettings = {
				ALWAYS_SEARCH_USER_PATHS = NO;
				CLANG_CXX_LANGUAGE_STANDARD = "gnu++0x";
				CLANG_CXX_LIBRARY = "libc++";
				CLANG_ENABLE_MODULES = YES;
				CLANG_ENABLE_OBJC_ARC = YES;
				CLANG_WARN_BOOL_CONVERSION = YES;
				CLANG_WARN_CONSTANT_CONVERSION = YES;
				CLANG_WARN_DIRECT_OBJC_ISA_USAGE = YES_ERROR;
				CLANG_WARN_EMPTY_BODY = YES;
				CLANG_WARN_ENUM_CONVERSION = YES;
				CLANG_WARN_INFINITE_RECURSION = YES;
				CLANG_WARN_INT_CONVERSION = YES;
				CLANG_WARN_OBJC_ROOT_CLASS = YES_ERROR;
				CLANG_WARN_SUSPICIOUS_MOVE = YES;
				CLANG_WARN_UNREACHABLE_CODE = YES;
				CLANG_WARN__DUPLICATE_METHOD_MATCH = YES;
				"CODE_SIGN_IDENTITY[sdk=iphoneos*]" = "iPhone Developer";
				COPY_PHASE_STRIP = NO;
				DEBUG_INFORMATION_FORMAT = "dwarf-with-dsym";
				ENABLE_NS_ASSERTIONS = NO;
				ENABLE_STRICT_OBJC_MSGSEND = YES;
				GCC_C_LANGUAGE_STANDARD = gnu99;
				GCC_NO_COMMON_BLOCKS = YES;
				GCC_WARN_64_TO_32_BIT_CONVERSION = YES;
				GCC_WARN_ABOUT_RETURN_TYPE = YES_ERROR;
				GCC_WARN_UNDECLARED_SELECTOR = YES;
				GCC_WARN_UNINITIALIZED_AUTOS = YES_AGGRESSIVE;
				GCC_WARN_UNUSED_FUNCTION = YES;
				GCC_WARN_UNUSED_VARIABLE = YES;
				IPHONEOS_DEPLOYMENT_TARGET = 9.2;
				MTL_ENABLE_DEBUG_INFO = NO;
				SDKROOT = iphoneos;
				SWIFT_OPTIMIZATION_LEVEL = "-Owholemodule";
				TARGETED_DEVICE_FAMILY = "1,2";
				VALIDATE_PRODUCT = YES;
			};
			name = Release;
		};
		BACA4D521C95071600F278B0 /* Debug */ = {
			isa = XCBuildConfiguration;
			baseConfigurationReference = 10E6F81EBE32AE3360D0F288 /* Pods-base-start.debug.xcconfig */;
			buildSettings = {
				ALWAYS_EMBED_SWIFT_STANDARD_LIBRARIES = YES;
				ASSETCATALOG_COMPILER_APPICON_NAME = AppIcon;
				CODE_SIGN_IDENTITY = "iPhone Developer";
				"CODE_SIGN_IDENTITY[sdk=iphoneos*]" = "iPhone Developer";
				DEVELOPMENT_TEAM = "";
				FRAMEWORK_SEARCH_PATHS = (
					"$(inherited)",
					"$(PROJECT_DIR)/base-start",
				);
				INFOPLIST_FILE = "base-start/Info.plist";
				LD_RUNPATH_SEARCH_PATHS = "$(inherited) @executable_path/Frameworks";
				PRODUCT_BUNDLE_IDENTIFIER = com.fco.focusonme;
				PRODUCT_NAME = "$(TARGET_NAME)";
				PROVISIONING_PROFILE = "";
				PROVISIONING_PROFILE_SPECIFIER = "";
				SWIFT_VERSION = 3.0;
			};
			name = Debug;
		};
		BACA4D531C95071600F278B0 /* Release */ = {
			isa = XCBuildConfiguration;
			baseConfigurationReference = BB37E8FEE1141F48279A5C61 /* Pods-base-start.release.xcconfig */;
			buildSettings = {
				ALWAYS_EMBED_SWIFT_STANDARD_LIBRARIES = YES;
				ASSETCATALOG_COMPILER_APPICON_NAME = AppIcon;
				CODE_SIGN_IDENTITY = "iPhone Developer";
				"CODE_SIGN_IDENTITY[sdk=iphoneos*]" = "iPhone Developer";
				DEVELOPMENT_TEAM = "";
				FRAMEWORK_SEARCH_PATHS = (
					"$(inherited)",
					"$(PROJECT_DIR)/base-start",
				);
				INFOPLIST_FILE = "base-start/Info.plist";
				LD_RUNPATH_SEARCH_PATHS = "$(inherited) @executable_path/Frameworks";
				PRODUCT_BUNDLE_IDENTIFIER = com.fco.focusonme;
				PRODUCT_NAME = "$(TARGET_NAME)";
				PROVISIONING_PROFILE = "";
				PROVISIONING_PROFILE_SPECIFIER = "";
				SWIFT_VERSION = 3.0;
			};
			name = Release;
		};
/* End XCBuildConfiguration section */

/* Begin XCConfigurationList section */
		BACA4D3A1C95071600F278B0 /* Build configuration list for PBXProject "base-start" */ = {
			isa = XCConfigurationList;
			buildConfigurations = (
				BACA4D4F1C95071600F278B0 /* Debug */,
				BACA4D501C95071600F278B0 /* Release */,
			);
			defaultConfigurationIsVisible = 0;
			defaultConfigurationName = Release;
		};
		BACA4D511C95071600F278B0 /* Build configuration list for PBXNativeTarget "base-start" */ = {
			isa = XCConfigurationList;
			buildConfigurations = (
				BACA4D521C95071600F278B0 /* Debug */,
				BACA4D531C95071600F278B0 /* Release */,
			);
			defaultConfigurationIsVisible = 0;
			defaultConfigurationName = Release;
		};
/* End XCConfigurationList section */
	};
	rootObject = BACA4D371C95071600F278B0 /* Project object */;
}
